
Microsoft Visual Studio Solution File, Format Version 12.00
Project("{FAE04EC0-301F-11D3-BF4B-00C04F79EFBC}") = "WeInsure.API", "WeInsure.API\WeInsure.API.csproj", "{0CB2581E-1A32-459B-8873-6129E4327EB4}"
EndProject
Project("{2150E333-8FDC-42A3-9474-1A3956D46DE8}") = "Solution Items", "Solution Items", "{A069A063-BE25-47AB-ADDF-CC24CAB2883D}"
	ProjectSection(SolutionItems) = preProject
		README.md = README.md
	EndProjectSection
EndProject
Project("{FAE04EC0-301F-11D3-BF4B-00C04F79EFBC}") = "WeInsure.Application", "WeInsure.Application\WeInsure.Application.csproj", "{C1075C5F-35B9-4CD9-A4E4-B23F7B639459}"
EndProject
Project("{FAE04EC0-301F-11D3-BF4B-00C04F79EFBC}") = "WeInsure.Domain", "WeInsure.Domain\WeInsure.Domain.csproj", "{39AFF854-0B25-4C16-94F6-D30EAF6FADF2}"
EndProject
Project("{FAE04EC0-301F-11D3-BF4B-00C04F79EFBC}") = "WeInsure.Data", "WeInsure.Data\WeInsure.Data.csproj", "{664696BC-E39E-4DB3-A9C2-BB5DA390F903}"
EndProject
Project("{FAE04EC0-301F-11D3-BF4B-00C04F79EFBC}") = "WeInsure.Domain.Tests", "WeInsure.Domain.Tests\WeInsure.Domain.Tests.csproj", "{908DC242-89A9-40FD-B62A-FB58D837A347}"
EndProject
Project("{FAE04EC0-301F-11D3-BF4B-00C04F79EFBC}") = "WeInSure.API.Tests", "WeInSure.API.Tests\WeInSure.API.Tests.csproj", "{6DD2A236-B614-45EA-861D-53FD870F607E}"
EndProject
Project("{FAE04EC0-301F-11D3-BF4B-00C04F79EFBC}") = "WeInsure.Application.Tests", "WeInsure.Application.Tests\WeInsure.Application.Tests.csproj", "{AA36A0A3-C8F5-4738-921D-5C46406413DA}"
EndProject
Project("{FAE04EC0-301F-11D3-BF4B-00C04F79EFBC}") = "WeInsure.Feature.Tests", "WeInsure.Feature.Tests\WeInsure.Feature.Tests.csproj", "{02E27E65-CFB8-4987-B09F-D1E36F3710D3}"
EndProject
Project("{FAE04EC0-301F-11D3-BF4B-00C04F79EFBC}") = "WeInsure.TestUtils", "WeInsure.TestUtils\WeInsure.TestUtils.csproj", "{8F779F70-EEA1-40E7-9099-DE3B7316877F}"
EndProject
Global
	GlobalSection(SolutionConfigurationPlatforms) = preSolution
		Debug|Any CPU = Debug|Any CPU
		Debug|x64 = Debug|x64
		Debug|x86 = Debug|x86
		Release|Any CPU = Release|Any CPU
		Release|x64 = Release|x64
		Release|x86 = Release|x86
	EndGlobalSection
	GlobalSection(ProjectConfigurationPlatforms) = postSolution
		{0CB2581E-1A32-459B-8873-6129E4327EB4}.Debug|Any CPU.ActiveCfg = Debug|Any CPU
		{0CB2581E-1A32-459B-8873-6129E4327EB4}.Debug|Any CPU.Build.0 = Debug|Any CPU
		{0CB2581E-1A32-459B-8873-6129E4327EB4}.Debug|x64.ActiveCfg = Debug|Any CPU
		{0CB2581E-1A32-459B-8873-6129E4327EB4}.Debug|x64.Build.0 = Debug|Any CPU
		{0CB2581E-1A32-459B-8873-6129E4327EB4}.Debug|x86.ActiveCfg = Debug|Any CPU
		{0CB2581E-1A32-459B-8873-6129E4327EB4}.Debug|x86.Build.0 = Debug|Any CPU
		{0CB2581E-1A32-459B-8873-6129E4327EB4}.Release|Any CPU.ActiveCfg = Release|Any CPU
		{0CB2581E-1A32-459B-8873-6129E4327EB4}.Release|Any CPU.Build.0 = Release|Any CPU
		{0CB2581E-1A32-459B-8873-6129E4327EB4}.Release|x64.ActiveCfg = Release|Any CPU
		{0CB2581E-1A32-459B-8873-6129E4327EB4}.Release|x64.Build.0 = Release|Any CPU
		{0CB2581E-1A32-459B-8873-6129E4327EB4}.Release|x86.ActiveCfg = Release|Any CPU
		{0CB2581E-1A32-459B-8873-6129E4327EB4}.Release|x86.Build.0 = Release|Any CPU
		{C1075C5F-35B9-4CD9-A4E4-B23F7B639459}.Debug|Any CPU.ActiveCfg = Debug|Any CPU
		{C1075C5F-35B9-4CD9-A4E4-B23F7B639459}.Debug|Any CPU.Build.0 = Debug|Any CPU
		{C1075C5F-35B9-4CD9-A4E4-B23F7B639459}.Debug|x64.ActiveCfg = Debug|Any CPU
		{C1075C5F-35B9-4CD9-A4E4-B23F7B639459}.Debug|x64.Build.0 = Debug|Any CPU
		{C1075C5F-35B9-4CD9-A4E4-B23F7B639459}.Debug|x86.ActiveCfg = Debug|Any CPU
		{C1075C5F-35B9-4CD9-A4E4-B23F7B639459}.Debug|x86.Build.0 = Debug|Any CPU
		{C1075C5F-35B9-4CD9-A4E4-B23F7B639459}.Release|Any CPU.ActiveCfg = Release|Any CPU
		{C1075C5F-35B9-4CD9-A4E4-B23F7B639459}.Release|Any CPU.Build.0 = Release|Any CPU
		{C1075C5F-35B9-4CD9-A4E4-B23F7B639459}.Release|x64.ActiveCfg = Release|Any CPU
		{C1075C5F-35B9-4CD9-A4E4-B23F7B639459}.Release|x64.Build.0 = Release|Any CPU
		{C1075C5F-35B9-4CD9-A4E4-B23F7B639459}.Release|x86.ActiveCfg = Release|Any CPU
		{C1075C5F-35B9-4CD9-A4E4-B23F7B639459}.Release|x86.Build.0 = Release|Any CPU
		{39AFF854-0B25-4C16-94F6-D30EAF6FADF2}.Debug|Any CPU.ActiveCfg = Debug|Any CPU
		{39AFF854-0B25-4C16-94F6-D30EAF6FADF2}.Debug|Any CPU.Build.0 = Debug|Any CPU
		{39AFF854-0B25-4C16-94F6-D30EAF6FADF2}.Debug|x64.ActiveCfg = Debug|Any CPU
		{39AFF854-0B25-4C16-94F6-D30EAF6FADF2}.Debug|x64.Build.0 = Debug|Any CPU
		{39AFF854-0B25-4C16-94F6-D30EAF6FADF2}.Debug|x86.ActiveCfg = Debug|Any CPU
		{39AFF854-0B25-4C16-94F6-D30EAF6FADF2}.Debug|x86.Build.0 = Debug|Any CPU
		{39AFF854-0B25-4C16-94F6-D30EAF6FADF2}.Release|Any CPU.ActiveCfg = Release|Any CPU
		{39AFF854-0B25-4C16-94F6-D30EAF6FADF2}.Release|Any CPU.Build.0 = Release|Any CPU
		{39AFF854-0B25-4C16-94F6-D30EAF6FADF2}.Release|x64.ActiveCfg = Release|Any CPU
		{39AFF854-0B25-4C16-94F6-D30EAF6FADF2}.Release|x64.Build.0 = Release|Any CPU
		{39AFF854-0B25-4C16-94F6-D30EAF6FADF2}.Release|x86.ActiveCfg = Release|Any CPU
		{39AFF854-0B25-4C16-94F6-D30EAF6FADF2}.Release|x86.Build.0 = Release|Any CPU
		{664696BC-E39E-4DB3-A9C2-BB5DA390F903}.Debug|Any CPU.ActiveCfg = Debug|Any CPU
		{664696BC-E39E-4DB3-A9C2-BB5DA390F903}.Debug|Any CPU.Build.0 = Debug|Any CPU
		{664696BC-E39E-4DB3-A9C2-BB5DA390F903}.Debug|x64.ActiveCfg = Debug|Any CPU
		{664696BC-E39E-4DB3-A9C2-BB5DA390F903}.Debug|x64.Build.0 = Debug|Any CPU
		{664696BC-E39E-4DB3-A9C2-BB5DA390F903}.Debug|x86.ActiveCfg = Debug|Any CPU
		{664696BC-E39E-4DB3-A9C2-BB5DA390F903}.Debug|x86.Build.0 = Debug|Any CPU
		{664696BC-E39E-4DB3-A9C2-BB5DA390F903}.Release|Any CPU.ActiveCfg = Release|Any CPU
		{664696BC-E39E-4DB3-A9C2-BB5DA390F903}.Release|Any CPU.Build.0 = Release|Any CPU
		{664696BC-E39E-4DB3-A9C2-BB5DA390F903}.Release|x64.ActiveCfg = Release|Any CPU
		{664696BC-E39E-4DB3-A9C2-BB5DA390F903}.Release|x64.Build.0 = Release|Any CPU
		{664696BC-E39E-4DB3-A9C2-BB5DA390F903}.Release|x86.ActiveCfg = Release|Any CPU
		{664696BC-E39E-4DB3-A9C2-BB5DA390F903}.Release|x86.Build.0 = Release|Any CPU
		{908DC242-89A9-40FD-B62A-FB58D837A347}.Debug|Any CPU.ActiveCfg = Debug|Any CPU
		{908DC242-89A9-40FD-B62A-FB58D837A347}.Debug|Any CPU.Build.0 = Debug|Any CPU
		{908DC242-89A9-40FD-B62A-FB58D837A347}.Debug|x64.ActiveCfg = Debug|Any CPU
		{908DC242-89A9-40FD-B62A-FB58D837A347}.Debug|x64.Build.0 = Debug|Any CPU
		{908DC242-89A9-40FD-B62A-FB58D837A347}.Debug|x86.ActiveCfg = Debug|Any CPU
		{908DC242-89A9-40FD-B62A-FB58D837A347}.Debug|x86.Build.0 = Debug|Any CPU
		{908DC242-89A9-40FD-B62A-FB58D837A347}.Release|Any CPU.ActiveCfg = Release|Any CPU
		{908DC242-89A9-40FD-B62A-FB58D837A347}.Release|Any CPU.Build.0 = Release|Any CPU
		{908DC242-89A9-40FD-B62A-FB58D837A347}.Release|x64.ActiveCfg = Release|Any CPU
		{908DC242-89A9-40FD-B62A-FB58D837A347}.Release|x64.Build.0 = Release|Any CPU
		{908DC242-89A9-40FD-B62A-FB58D837A347}.Release|x86.ActiveCfg = Release|Any CPU
		{908DC242-89A9-40FD-B62A-FB58D837A347}.Release|x86.Build.0 = Release|Any CPU
		{6DD2A236-B614-45EA-861D-53FD870F607E}.Debug|Any CPU.ActiveCfg = Debug|Any CPU
		{6DD2A236-B614-45EA-861D-53FD870F607E}.Debug|Any CPU.Build.0 = Debug|Any CPU
		{6DD2A236-B614-45EA-861D-53FD870F607E}.Debug|x64.ActiveCfg = Debug|Any CPU
		{6DD2A236-B614-45EA-861D-53FD870F607E}.Debug|x64.Build.0 = Debug|Any CPU
		{6DD2A236-B614-45EA-861D-53FD870F607E}.Debug|x86.ActiveCfg = Debug|Any CPU
		{6DD2A236-B614-45EA-861D-53FD870F607E}.Debug|x86.Build.0 = Debug|Any CPU
		{6DD2A236-B614-45EA-861D-53FD870F607E}.Release|Any CPU.ActiveCfg = Release|Any CPU
		{6DD2A236-B614-45EA-861D-53FD870F607E}.Release|Any CPU.Build.0 = Release|Any CPU
		{6DD2A236-B614-45EA-861D-53FD870F607E}.Release|x64.ActiveCfg = Release|Any CPU
		{6DD2A236-B614-45EA-861D-53FD870F607E}.Release|x64.Build.0 = Release|Any CPU
		{6DD2A236-B614-45EA-861D-53FD870F607E}.Release|x86.ActiveCfg = Release|Any CPU
		{6DD2A236-B614-45EA-861D-53FD870F607E}.Release|x86.Build.0 = Release|Any CPU
		{AA36A0A3-C8F5-4738-921D-5C46406413DA}.Debug|Any CPU.ActiveCfg = Debug|Any CPU
		{AA36A0A3-C8F5-4738-921D-5C46406413DA}.Debug|Any CPU.Build.0 = Debug|Any CPU
		{AA36A0A3-C8F5-4738-921D-5C46406413DA}.Debug|x64.ActiveCfg = Debug|Any CPU
		{AA36A0A3-C8F5-4738-921D-5C46406413DA}.Debug|x64.Build.0 = Debug|Any CPU
		{AA36A0A3-C8F5-4738-921D-5C46406413DA}.Debug|x86.ActiveCfg = Debug|Any CPU
		{AA36A0A3-C8F5-4738-921D-5C46406413DA}.Debug|x86.Build.0 = Debug|Any CPU
		{AA36A0A3-C8F5-4738-921D-5C46406413DA}.Release|Any CPU.ActiveCfg = Release|Any CPU
		{AA36A0A3-C8F5-4738-921D-5C46406413DA}.Release|Any CPU.Build.0 = Release|Any CPU
		{AA36A0A3-C8F5-4738-921D-5C46406413DA}.Release|x64.ActiveCfg = Release|Any CPU
		{AA36A0A3-C8F5-4738-921D-5C46406413DA}.Release|x64.Build.0 = Release|Any CPU
		{AA36A0A3-C8F5-4738-921D-5C46406413DA}.Release|x86.ActiveCfg = Release|Any CPU
		{AA36A0A3-C8F5-4738-921D-5C46406413DA}.Release|x86.Build.0 = Release|Any CPU
		{02E27E65-CFB8-4987-B09F-D1E36F3710D3}.Debug|Any CPU.ActiveCfg = Debug|Any CPU
		{02E27E65-CFB8-4987-B09F-D1E36F3710D3}.Debug|Any CPU.Build.0 = Debug|Any CPU
		{02E27E65-CFB8-4987-B09F-D1E36F3710D3}.Debug|x64.ActiveCfg = Debug|Any CPU
		{02E27E65-CFB8-4987-B09F-D1E36F3710D3}.Debug|x64.Build.0 = Debug|Any CPU
		{02E27E65-CFB8-4987-B09F-D1E36F3710D3}.Debug|x86.ActiveCfg = Debug|Any CPU
		{02E27E65-CFB8-4987-B09F-D1E36F3710D3}.Debug|x86.Build.0 = Debug|Any CPU
		{02E27E65-CFB8-4987-B09F-D1E36F3710D3}.Release|Any CPU.ActiveCfg = Release|Any CPU
		{02E27E65-CFB8-4987-B09F-D1E36F3710D3}.Release|Any CPU.Build.0 = Release|Any CPU
		{02E27E65-CFB8-4987-B09F-D1E36F3710D3}.Release|x64.ActiveCfg = Release|Any CPU
		{02E27E65-CFB8-4987-B09F-D1E36F3710D3}.Release|x64.Build.0 = Release|Any CPU
		{02E27E65-CFB8-4987-B09F-D1E36F3710D3}.Release|x86.ActiveCfg = Release|Any CPU
		{02E27E65-CFB8-4987-B09F-D1E36F3710D3}.Release|x86.Build.0 = Release|Any CPU
		{8F779F70-EEA1-40E7-9099-DE3B7316877F}.Debug|Any CPU.ActiveCfg = Debug|Any CPU
		{8F779F70-EEA1-40E7-9099-DE3B7316877F}.Debug|Any CPU.Build.0 = Debug|Any CPU
		{8F779F70-EEA1-40E7-9099-DE3B7316877F}.Debug|x64.ActiveCfg = Debug|Any CPU
		{8F779F70-EEA1-40E7-9099-DE3B7316877F}.Debug|x64.Build.0 = Debug|Any CPU
		{8F779F70-EEA1-40E7-9099-DE3B7316877F}.Debug|x86.ActiveCfg = Debug|Any CPU
		{8F779F70-EEA1-40E7-9099-DE3B7316877F}.Debug|x86.Build.0 = Debug|Any CPU
		{8F779F70-EEA1-40E7-9099-DE3B7316877F}.Release|Any CPU.ActiveCfg = Release|Any CPU
		{8F779F70-EEA1-40E7-9099-DE3B7316877F}.Release|Any CPU.Build.0 = Release|Any CPU
		{8F779F70-EEA1-40E7-9099-DE3B7316877F}.Release|x64.ActiveCfg = Release|Any CPU
		{8F779F70-EEA1-40E7-9099-DE3B7316877F}.Release|x64.Build.0 = Release|Any CPU
		{8F779F70-EEA1-40E7-9099-DE3B7316877F}.Release|x86.ActiveCfg = Release|Any CPU
		{8F779F70-EEA1-40E7-9099-DE3B7316877F}.Release|x86.Build.0 = Release|Any CPU
	EndGlobalSection
	GlobalSection(SolutionProperties) = preSolution
		HideSolutionNode = FALSE
	EndGlobalSection
EndGlobal
